
Microsoft Visual Studio Solution File, Format Version 12.00
# Visual Studio Version 17
VisualStudioVersion = 17.8.34408.163
MinimumVisualStudioVersion = 10.0.40219.1
Project("{FAE04EC0-301F-11D3-BF4B-00C04F79EFBC}") = "Lab 01 Q4", "Lab 01 Q4\Lab 01 Q4.csproj", "{0845F5AC-2AAE-4F8D-874B-2D7F50905AA3}"
EndProject
Global
	GlobalSection(SolutionConfigurationPlatforms) = preSolution
		Debug|Any CPU = Debug|Any CPU
		Release|Any CPU = Release|Any CPU
	EndGlobalSection
	GlobalSection(ProjectConfigurationPlatforms) = postSolution
		{0845F5AC-2AAE-4F8D-874B-2D7F50905AA3}.Debug|Any CPU.ActiveCfg = Debug|Any CPU
		{0845F5AC-2AAE-4F8D-874B-2D7F50905AA3}.Debug|Any CPU.Build.0 = Debug|Any CPU
		{0845F5AC-2AAE-4F8D-874B-2D7F50905AA3}.Release|Any CPU.ActiveCfg = Release|Any CPU
		{0845F5AC-2AAE-4F8D-874B-2D7F50905AA3}.Release|Any CPU.Build.0 = Release|Any CPU
	EndGlobalSection
	GlobalSection(SolutionProperties) = preSolution
		HideSolutionNode = FALSE
	EndGlobalSection
	GlobalSection(ExtensibilityGlobals) = postSolution
		SolutionGuid = {222B0CB5-073B-4C4A-A180-80175DF6EBF9}
	EndGlobalSection
EndGlobal
